
Microsoft Visual Studio Solution File, Format Version 12.00
# Visual Studio Version 16
VisualStudioVersion = 16.0.31829.152
MinimumVisualStudioVersion = 10.0.40219.1
Project("{FAE04EC0-301F-11D3-BF4B-00C04F79EFBC}") = "clinical-system", "clinical-system\clinical-system.csproj", "{046DFD4E-6D90-40CE-9A8D-3F505C0C3122}"
EndProject
Global
	GlobalSection(SolutionConfigurationPlatforms) = preSolution
		Debug|Any CPU = Debug|Any CPU
		Release|Any CPU = Release|Any CPU
	EndGlobalSection
	GlobalSection(ProjectConfigurationPlatforms) = postSolution
		{046DFD4E-6D90-40CE-9A8D-3F505C0C3122}.Debug|Any CPU.ActiveCfg = Debug|Any CPU
		{046DFD4E-6D90-40CE-9A8D-3F505C0C3122}.Debug|Any CPU.Build.0 = Debug|Any CPU
		{046DFD4E-6D90-40CE-9A8D-3F505C0C3122}.Release|Any CPU.ActiveCfg = Release|Any CPU
		{046DFD4E-6D90-40CE-9A8D-3F505C0C3122}.Release|Any CPU.Build.0 = Release|Any CPU
	EndGlobalSection
	GlobalSection(SolutionProperties) = preSolution
		HideSolutionNode = FALSE
	EndGlobalSection
	GlobalSection(ExtensibilityGlobals) = postSolution
		SolutionGuid = {02DD3157-7339-41DF-B513-8FC751B81CB4}
	EndGlobalSection
EndGlobal
